
Microsoft Visual Studio Solution File, Format Version 12.00
# Visual Studio Version 17
VisualStudioVersion = 17.5.33424.131
MinimumVisualStudioVersion = 10.0.40219.1
Project("{9A19103F-16F7-4668-BE54-9A1E7A4F7556}") = "Dominio", "Dominio\Dominio.csproj", "{E4ED5619-EFFC-42E0-B54A-572991B05EAA}"
EndProject
Project("{9A19103F-16F7-4668-BE54-9A1E7A4F7556}") = "Infra", "Infra\Infra.csproj", "{62C1CB50-D24A-4DAC-AC1F-791005695DE5}"
EndProject
Project("{9A19103F-16F7-4668-BE54-9A1E7A4F7556}") = "AppService", "AppService\AppService.csproj", "{40098036-0881-4BF3-8BF5-6EED3847CEAA}"
	ProjectSection(ProjectDependencies) = postProject
		{62C1CB50-D24A-4DAC-AC1F-791005695DE5} = {62C1CB50-D24A-4DAC-AC1F-791005695DE5}
		{E4ED5619-EFFC-42E0-B54A-572991B05EAA} = {E4ED5619-EFFC-42E0-B54A-572991B05EAA}
	EndProjectSection
EndProject
Project("{9A19103F-16F7-4668-BE54-9A1E7A4F7556}") = "Web", "Web\Web.csproj", "{FF0485A9-6838-454A-B710-1DC65989A4C5}"
EndProject
Project("{9A19103F-16F7-4668-BE54-9A1E7A4F7556}") = "Dependency", "Dependency\Dependency.csproj", "{98183508-F59C-4175-95A2-BB6AEA35EBE0}"
EndProject
Project("{FAE04EC0-301F-11D3-BF4B-00C04F79EFBC}") = "Teste", "Teste\Teste.csproj", "{63F026BD-D6BF-4031-9BDB-50A39CC02CEB}"
EndProject
Global
	GlobalSection(SolutionConfigurationPlatforms) = preSolution
		Debug|Any CPU = Debug|Any CPU
		Release|Any CPU = Release|Any CPU
	EndGlobalSection
	GlobalSection(ProjectConfigurationPlatforms) = postSolution
		{E4ED5619-EFFC-42E0-B54A-572991B05EAA}.Debug|Any CPU.ActiveCfg = Debug|Any CPU
		{E4ED5619-EFFC-42E0-B54A-572991B05EAA}.Debug|Any CPU.Build.0 = Debug|Any CPU
		{E4ED5619-EFFC-42E0-B54A-572991B05EAA}.Release|Any CPU.ActiveCfg = Release|Any CPU
		{E4ED5619-EFFC-42E0-B54A-572991B05EAA}.Release|Any CPU.Build.0 = Release|Any CPU
		{62C1CB50-D24A-4DAC-AC1F-791005695DE5}.Debug|Any CPU.ActiveCfg = Debug|Any CPU
		{62C1CB50-D24A-4DAC-AC1F-791005695DE5}.Debug|Any CPU.Build.0 = Debug|Any CPU
		{62C1CB50-D24A-4DAC-AC1F-791005695DE5}.Release|Any CPU.ActiveCfg = Release|Any CPU
		{62C1CB50-D24A-4DAC-AC1F-791005695DE5}.Release|Any CPU.Build.0 = Release|Any CPU
		{40098036-0881-4BF3-8BF5-6EED3847CEAA}.Debug|Any CPU.ActiveCfg = Debug|Any CPU
		{40098036-0881-4BF3-8BF5-6EED3847CEAA}.Debug|Any CPU.Build.0 = Debug|Any CPU
		{40098036-0881-4BF3-8BF5-6EED3847CEAA}.Release|Any CPU.ActiveCfg = Release|Any CPU
		{40098036-0881-4BF3-8BF5-6EED3847CEAA}.Release|Any CPU.Build.0 = Release|Any CPU
		{FF0485A9-6838-454A-B710-1DC65989A4C5}.Debug|Any CPU.ActiveCfg = Debug|Any CPU
		{FF0485A9-6838-454A-B710-1DC65989A4C5}.Debug|Any CPU.Build.0 = Debug|Any CPU
		{FF0485A9-6838-454A-B710-1DC65989A4C5}.Release|Any CPU.ActiveCfg = Release|Any CPU
		{FF0485A9-6838-454A-B710-1DC65989A4C5}.Release|Any CPU.Build.0 = Release|Any CPU
		{98183508-F59C-4175-95A2-BB6AEA35EBE0}.Debug|Any CPU.ActiveCfg = Debug|Any CPU
		{98183508-F59C-4175-95A2-BB6AEA35EBE0}.Debug|Any CPU.Build.0 = Debug|Any CPU
		{98183508-F59C-4175-95A2-BB6AEA35EBE0}.Release|Any CPU.ActiveCfg = Release|Any CPU
		{98183508-F59C-4175-95A2-BB6AEA35EBE0}.Release|Any CPU.Build.0 = Release|Any CPU
		{63F026BD-D6BF-4031-9BDB-50A39CC02CEB}.Debug|Any CPU.ActiveCfg = Debug|Any CPU
		{63F026BD-D6BF-4031-9BDB-50A39CC02CEB}.Debug|Any CPU.Build.0 = Debug|Any CPU
		{63F026BD-D6BF-4031-9BDB-50A39CC02CEB}.Release|Any CPU.ActiveCfg = Release|Any CPU
		{63F026BD-D6BF-4031-9BDB-50A39CC02CEB}.Release|Any CPU.Build.0 = Release|Any CPU
	EndGlobalSection
	GlobalSection(SolutionProperties) = preSolution
		HideSolutionNode = FALSE
	EndGlobalSection
	GlobalSection(ExtensibilityGlobals) = postSolution
		SolutionGuid = {9EAF4243-3AF2-4A8B-9E4A-E7FC59FFF2C6}
	EndGlobalSection
EndGlobal
